// !$*UTF8*$!
{
	archiveVersion = 1;
	classes = {
	};
	objectVersion = 50;
	objects = {

/* Begin PBXBuildFile section */
		852418652345193900074EBD /* ArtistModel.swift in Sources */ = {isa = PBXBuildFile; fileRef = 852418642345193900074EBD /* ArtistModel.swift */; };
		8524186823451C9400074EBD /* ArtistController.swift in Sources */ = {isa = PBXBuildFile; fileRef = 8524186723451C9400074EBD /* ArtistController.swift */; };
		854F596C2346931A009D9258 /* ArtistTableViewController.swift in Sources */ = {isa = PBXBuildFile; fileRef = 854F596B2346931A009D9258 /* ArtistTableViewController.swift */; };
		854F596E234693B9009D9258 /* ArtistTableViewCell.swift in Sources */ = {isa = PBXBuildFile; fileRef = 854F596D234693B9009D9258 /* ArtistTableViewCell.swift */; };
		85C9055E2345186F00C2EC1D /* AppDelegate.swift in Sources */ = {isa = PBXBuildFile; fileRef = 85C9055D2345186F00C2EC1D /* AppDelegate.swift */; };
		85C905602345186F00C2EC1D /* SceneDelegate.swift in Sources */ = {isa = PBXBuildFile; fileRef = 85C9055F2345186F00C2EC1D /* SceneDelegate.swift */; };
		85C905652345186F00C2EC1D /* Main.storyboard in Resources */ = {isa = PBXBuildFile; fileRef = 85C905632345186F00C2EC1D /* Main.storyboard */; };
		85C905672345187000C2EC1D /* Assets.xcassets in Resources */ = {isa = PBXBuildFile; fileRef = 85C905662345187000C2EC1D /* Assets.xcassets */; };
		85C9056A2345187000C2EC1D /* LaunchScreen.storyboard in Resources */ = {isa = PBXBuildFile; fileRef = 85C905682345187000C2EC1D /* LaunchScreen.storyboard */; };
/* End PBXBuildFile section */

/* Begin PBXFileReference section */
		852418642345193900074EBD /* ArtistModel.swift */ = {isa = PBXFileReference; lastKnownFileType = sourcecode.swift; path = ArtistModel.swift; sourceTree = "<group>"; };
		8524186723451C9400074EBD /* ArtistController.swift */ = {isa = PBXFileReference; lastKnownFileType = sourcecode.swift; path = ArtistController.swift; sourceTree = "<group>"; };
		854F596B2346931A009D9258 /* ArtistTableViewController.swift */ = {isa = PBXFileReference; lastKnownFileType = sourcecode.swift; path = ArtistTableViewController.swift; sourceTree = "<group>"; };
		854F596D234693B9009D9258 /* ArtistTableViewCell.swift */ = {isa = PBXFileReference; lastKnownFileType = sourcecode.swift; path = ArtistTableViewCell.swift; sourceTree = "<group>"; };
		85C9055A2345186F00C2EC1D /* Artist.app */ = {isa = PBXFileReference; explicitFileType = wrapper.application; includeInIndex = 0; path = Artist.app; sourceTree = BUILT_PRODUCTS_DIR; };
		85C9055D2345186F00C2EC1D /* AppDelegate.swift */ = {isa = PBXFileReference; lastKnownFileType = sourcecode.swift; path = AppDelegate.swift; sourceTree = "<group>"; };
		85C9055F2345186F00C2EC1D /* SceneDelegate.swift */ = {isa = PBXFileReference; lastKnownFileType = sourcecode.swift; path = SceneDelegate.swift; sourceTree = "<group>"; };
		85C905642345186F00C2EC1D /* Base */ = {isa = PBXFileReference; lastKnownFileType = file.storyboard; name = Base; path = Base.lproj/Main.storyboard; sourceTree = "<group>"; };
		85C905662345187000C2EC1D /* Assets.xcassets */ = {isa = PBXFileReference; lastKnownFileType = folder.assetcatalog; path = Assets.xcassets; sourceTree = "<group>"; };
		85C905692345187000C2EC1D /* Base */ = {isa = PBXFileReference; lastKnownFileType = file.storyboard; name = Base; path = Base.lproj/LaunchScreen.storyboard; sourceTree = "<group>"; };
		85C9056B2345187000C2EC1D /* Info.plist */ = {isa = PBXFileReference; lastKnownFileType = text.plist.xml; path = Info.plist; sourceTree = "<group>"; };
/* End PBXFileReference section */

/* Begin PBXFrameworksBuildPhase section */
		85C905572345186F00C2EC1D /* Frameworks */ = {
			isa = PBXFrameworksBuildPhase;
			buildActionMask = 2147483647;
			files = (
			);
			runOnlyForDeploymentPostprocessing = 0;
		};
/* End PBXFrameworksBuildPhase section */

/* Begin PBXGroup section */
		852418632345192200074EBD /* Model */ = {
			isa = PBXGroup;
			children = (
				852418642345193900074EBD /* ArtistModel.swift */,
			);
			path = Model;
			sourceTree = "<group>";
		};
		8524186623451C8000074EBD /* ModelController */ = {
			isa = PBXGroup;
			children = (
				8524186723451C9400074EBD /* ArtistController.swift */,
			);
			path = ModelController;
			sourceTree = "<group>";
		};
		854F59682346901A009D9258 /* Views */ = {
			isa = PBXGroup;
			children = (
				85C905632345186F00C2EC1D /* Main.storyboard */,
				854F596D234693B9009D9258 /* ArtistTableViewCell.swift */,
			);
			path = Views;
			sourceTree = "<group>";
		};
		854F596923469025009D9258 /* Controllers */ = {
			isa = PBXGroup;
			children = (
				854F596A23469040009D9258 /* ViewController */,
				8524186623451C8000074EBD /* ModelController */,
			);
			path = Controllers;
			sourceTree = "<group>";
		};
		854F596A23469040009D9258 /* ViewController */ = {
			isa = PBXGroup;
			children = (
				854F596B2346931A009D9258 /* ArtistTableViewController.swift */,
			);
			path = ViewController;
			sourceTree = "<group>";
		};
		85C905512345186F00C2EC1D = {
			isa = PBXGroup;
			children = (
				852418632345192200074EBD /* Model */,
				854F596923469025009D9258 /* Controllers */,
				854F59682346901A009D9258 /* Views */,
				85C9055C2345186F00C2EC1D /* Artist */,
				85C9055B2345186F00C2EC1D /* Products */,
			);
			sourceTree = "<group>";
		};
		85C9055B2345186F00C2EC1D /* Products */ = {
			isa = PBXGroup;
			children = (
				85C9055A2345186F00C2EC1D /* Artist.app */,
			);
			name = Products;
			sourceTree = "<group>";
		};
		85C9055C2345186F00C2EC1D /* Artist */ = {
			isa = PBXGroup;
			children = (
				85C90571234518C200C2EC1D /* Resources */,
			);
			path = Artist;
			sourceTree = "<group>";
		};
		85C90571234518C200C2EC1D /* Resources */ = {
			isa = PBXGroup;
			children = (
				85C9055D2345186F00C2EC1D /* AppDelegate.swift */,
				85C9055F2345186F00C2EC1D /* SceneDelegate.swift */,
				85C905662345187000C2EC1D /* Assets.xcassets */,
				85C905682345187000C2EC1D /* LaunchScreen.storyboard */,
				85C9056B2345187000C2EC1D /* Info.plist */,
			);
			path = Resources;
			sourceTree = "<group>";
		};
/* End PBXGroup section */

/* Begin PBXNativeTarget section */
		85C905592345186F00C2EC1D /* Artist */ = {
			isa = PBXNativeTarget;
			buildConfigurationList = 85C9056E2345187000C2EC1D /* Build configuration list for PBXNativeTarget "Artist" */;
			buildPhases = (
				85C905562345186F00C2EC1D /* Sources */,
				85C905572345186F00C2EC1D /* Frameworks */,
				85C905582345186F00C2EC1D /* Resources */,
			);
			buildRules = (
			);
			dependencies = (
			);
			name = Artist;
			productName = Artist;
			productReference = 85C9055A2345186F00C2EC1D /* Artist.app */;
			productType = "com.apple.product-type.application";
		};
/* End PBXNativeTarget section */

/* Begin PBXProject section */
		85C905522345186F00C2EC1D /* Project object */ = {
			isa = PBXProject;
			attributes = {
				LastSwiftUpdateCheck = 1100;
				LastUpgradeCheck = 1100;
				ORGANIZATIONNAME = "Zebadiah Watson";
				TargetAttributes = {
					85C905592345186F00C2EC1D = {
						CreatedOnToolsVersion = 11.0;
					};
				};
			};
			buildConfigurationList = 85C905552345186F00C2EC1D /* Build configuration list for PBXProject "Artist" */;
			compatibilityVersion = "Xcode 9.3";
			developmentRegion = en;
			hasScannedForEncodings = 0;
			knownRegions = (
				en,
				Base,
			);
			mainGroup = 85C905512345186F00C2EC1D;
			productRefGroup = 85C9055B2345186F00C2EC1D /* Products */;
			projectDirPath = "";
			projectRoot = "";
			targets = (
				85C905592345186F00C2EC1D /* Artist */,
			);
		};
/* End PBXProject section */

/* Begin PBXResourcesBuildPhase section */
		85C905582345186F00C2EC1D /* Resources */ = {
			isa = PBXResourcesBuildPhase;
			buildActionMask = 2147483647;
			files = (
				85C9056A2345187000C2EC1D /* LaunchScreen.storyboard in Resources */,
				85C905672345187000C2EC1D /* Assets.xcassets in Resources */,
				85C905652345186F00C2EC1D /* Main.storyboard in Resources */,
			);
			runOnlyForDeploymentPostprocessing = 0;
		};
/* End PBXResourcesBuildPhase section */

/* Begin PBXSourcesBuildPhase section */
		85C905562345186F00C2EC1D /* Sources */ = {
			isa = PBXSourcesBuildPhase;
			buildActionMask = 2147483647;
			files = (
				852418652345193900074EBD /* ArtistModel.swift in Sources */,
				854F596C2346931A009D9258 /* ArtistTableViewController.swift in Sources */,
				85C9055E2345186F00C2EC1D /* AppDelegate.swift in Sources */,
				8524186823451C9400074EBD /* ArtistController.swift in Sources */,
				854F596E234693B9009D9258 /* ArtistTableViewCell.swift in Sources */,
				85C905602345186F00C2EC1D /* SceneDelegate.swift in Sources */,
			);
			runOnlyForDeploymentPostprocessing = 0;
		};
/* End PBXSourcesBuildPhase section */

/* Begin PBXVariantGroup section */
		85C905632345186F00C2EC1D /* Main.storyboard */ = {
			isa = PBXVariantGroup;
			children = (
				85C905642345186F00C2EC1D /* Base */,
			);
			name = Main.storyboard;
			sourceTree = "<group>";
		};
		85C905682345187000C2EC1D /* LaunchScreen.storyboard */ = {
			isa = PBXVariantGroup;
			children = (
				85C905692345187000C2EC1D /* Base */,
			);
			name = LaunchScreen.storyboard;
			sourceTree = "<group>";
		};
/* End PBXVariantGroup section */

/* Begin XCBuildConfiguration section */
		85C9056C2345187000C2EC1D /* Debug */ = {
			isa = XCBuildConfiguration;
			buildSettings = {
				ALWAYS_SEARCH_USER_PATHS = NO;
				CLANG_ANALYZER_NONNULL = YES;
				CLANG_ANALYZER_NUMBER_OBJECT_CONVERSION = YES_AGGRESSIVE;
				CLANG_CXX_LANGUAGE_STANDARD = "gnu++14";
				CLANG_CXX_LIBRARY = "libc++";
				CLANG_ENABLE_MODULES = YES;
				CLANG_ENABLE_OBJC_ARC = YES;
				CLANG_ENABLE_OBJC_WEAK = YES;
				CLANG_WARN_BLOCK_CAPTURE_AUTORELEASING = YES;
				CLANG_WARN_BOOL_CONVERSION = YES;
				CLANG_WARN_COMMA = YES;
				CLANG_WARN_CONSTANT_CONVERSION = YES;
				CLANG_WARN_DEPRECATED_OBJC_IMPLEMENTATIONS = YES;
				CLANG_WARN_DIRECT_OBJC_ISA_USAGE = YES_ERROR;
				CLANG_WARN_DOCUMENTATION_COMMENTS = YES;
				CLANG_WARN_EMPTY_BODY = YES;
				CLANG_WARN_ENUM_CONVERSION = YES;
				CLANG_WARN_INFINITE_RECURSION = YES;
				CLANG_WARN_INT_CONVERSION = YES;
				CLANG_WARN_NON_LITERAL_NULL_CONVERSION = YES;
				CLANG_WARN_OBJC_IMPLICIT_RETAIN_SELF = YES;
				CLANG_WARN_OBJC_LITERAL_CONVERSION = YES;
				CLANG_WARN_OBJC_ROOT_CLASS = YES_ERROR;
				CLANG_WARN_RANGE_LOOP_ANALYSIS = YES;
				CLANG_WARN_STRICT_PROTOTYPES = YES;
				CLANG_WARN_SUSPICIOUS_MOVE = YES;
				CLANG_WARN_UNGUARDED_AVAILABILITY = YES_AGGRESSIVE;
				CLANG_WARN_UNREACHABLE_CODE = YES;
				CLANG_WARN__DUPLICATE_METHOD_MATCH = YES;
				COPY_PHASE_STRIP = NO;
				DEBUG_INFORMATION_FORMAT = dwarf;
				ENABLE_STRICT_OBJC_MSGSEND = YES;
				ENABLE_TESTABILITY = YES;
				GCC_C_LANGUAGE_STANDARD = gnu11;
				GCC_DYNAMIC_NO_PIC = NO;
				GCC_NO_COMMON_BLOCKS = YES;
				GCC_OPTIMIZATION_LEVEL = 0;
				GCC_PREPROCESSOR_DEFINITIONS = (
					"DEBUG=1",
					"$(inherited)",
				);
				GCC_WARN_64_TO_32_BIT_CONVERSION = YES;
				GCC_WARN_ABOUT_RETURN_TYPE = YES_ERROR;
				GCC_WARN_UNDECLARED_SELECTOR = YES;
				GCC_WARN_UNINITIALIZED_AUTOS = YES_AGGRESSIVE;
				GCC_WARN_UNUSED_FUNCTION = YES;
				GCC_WARN_UNUSED_VARIABLE = YES;
				IPHONEOS_DEPLOYMENT_TARGET = 13.0;
				MTL_ENABLE_DEBUG_INFO = INCLUDE_SOURCE;
				MTL_FAST_MATH = YES;
				ONLY_ACTIVE_ARCH = YES;
				SDKROOT = iphoneos;
				SWIFT_ACTIVE_COMPILATION_CONDITIONS = DEBUG;
				SWIFT_OPTIMIZATION_LEVEL = "-Onone";
			};
			name = Debug;
		};
		85C9056D2345187000C2EC1D /* Release */ = {
			isa = XCBuildConfiguration;
			buildSettings = {
				ALWAYS_SEARCH_USER_PATHS = NO;
				CLANG_ANALYZER_NONNULL = YES;
				CLANG_ANALYZER_NUMBER_OBJECT_CONVERSION = YES_AGGRESSIVE;
				CLANG_CXX_LANGUAGE_STANDARD = "gnu++14";
				CLANG_CXX_LIBRARY = "libc++";
				CLANG_ENABLE_MODULES = YES;
				CLANG_ENABLE_OBJC_ARC = YES;
				CLANG_ENABLE_OBJC_WEAK = YES;
				CLANG_WARN_BLOCK_CAPTURE_AUTORELEASING = YES;
				CLANG_WARN_BOOL_CONVERSION = YES;
				CLANG_WARN_COMMA = YES;
				CLANG_WARN_CONSTANT_CONVERSION = YES;
				CLANG_WARN_DEPRECATED_OBJC_IMPLEMENTATIONS = YES;
				CLANG_WARN_DIRECT_OBJC_ISA_USAGE = YES_ERROR;
				CLANG_WARN_DOCUMENTATION_COMMENTS = YES;
				CLANG_WARN_EMPTY_BODY = YES;
				CLANG_WARN_ENUM_CONVERSION = YES;
				CLANG_WARN_INFINITE_RECURSION = YES;
				CLANG_WARN_INT_CONVERSION = YES;
				CLANG_WARN_NON_LITERAL_NULL_CONVERSION = YES;
				CLANG_WARN_OBJC_IMPLICIT_RETAIN_SELF = YES;
				CLANG_WARN_OBJC_LITERAL_CONVERSION = YES;
				CLANG_WARN_OBJC_ROOT_CLASS = YES_ERROR;
				CLANG_WARN_RANGE_LOOP_ANALYSIS = YES;
				CLANG_WARN_STRICT_PROTOTYPES = YES;
				CLANG_WARN_SUSPICIOUS_MOVE = YES;
				CLANG_WARN_UNGUARDED_AVAILABILITY = YES_AGGRESSIVE;
				CLANG_WARN_UNREACHABLE_CODE = YES;
				CLANG_WARN__DUPLICATE_METHOD_MATCH = YES;
				COPY_PHASE_STRIP = NO;
				DEBUG_INFORMATION_FORMAT = "dwarf-with-dsym";
				ENABLE_NS_ASSERTIONS = NO;
				ENABLE_STRICT_OBJC_MSGSEND = YES;
				GCC_C_LANGUAGE_STANDARD = gnu11;
				GCC_NO_COMMON_BLOCKS = YES;
				GCC_WARN_64_TO_32_BIT_CONVERSION = YES;
				GCC_WARN_ABOUT_RETURN_TYPE = YES_ERROR;
				GCC_WARN_UNDECLARED_SELECTOR = YES;
				GCC_WARN_UNINITIALIZED_AUTOS = YES_AGGRESSIVE;
				GCC_WARN_UNUSED_FUNCTION = YES;
				GCC_WARN_UNUSED_VARIABLE = YES;
				IPHONEOS_DEPLOYMENT_TARGET = 13.0;
				MTL_ENABLE_DEBUG_INFO = NO;
				MTL_FAST_MATH = YES;
				SDKROOT = iphoneos;
				SWIFT_COMPILATION_MODE = wholemodule;
				SWIFT_OPTIMIZATION_LEVEL = "-O";
				VALIDATE_PRODUCT = YES;
			};
			name = Release;
		};
		85C9056F2345187000C2EC1D /* Debug */ = {
			isa = XCBuildConfiguration;
			buildSettings = {
				ASSETCATALOG_COMPILER_APPICON_NAME = AppIcon;
				CODE_SIGN_STYLE = Automatic;
				DEVELOPMENT_TEAM = GQHR9QPNK6;
				INFOPLIST_FILE = "$(SRCROOT)/Artist/Resources/Info.plist";
				LD_RUNPATH_SEARCH_PATHS = (
					"$(inherited)",
					"@executable_path/Frameworks",
				);
				PRODUCT_BUNDLE_IDENTIFIER = me.Artist;
				PRODUCT_NAME = "$(TARGET_NAME)";
				SWIFT_VERSION = 5.0;
				TARGETED_DEVICE_FAMILY = "1,2";
			};
			name = Debug;
		};
		85C905702345187000C2EC1D /* Release */ = {
			isa = XCBuildConfiguration;
			buildSettings = {
				ASSETCATALOG_COMPILER_APPICON_NAME = AppIcon;
				CODE_SIGN_STYLE = Automatic;
				DEVELOPMENT_TEAM = GQHR9QPNK6;
				INFOPLIST_FILE = "$(SRCROOT)/Artist/Resources/Info.plist";
				LD_RUNPATH_SEARCH_PATHS = (
					"$(inherited)",
					"@executable_path/Frameworks",
				);
				PRODUCT_BUNDLE_IDENTIFIER = me.Artist;
				PRODUCT_NAME = "$(TARGET_NAME)";
				SWIFT_VERSION = 5.0;
				TARGETED_DEVICE_FAMILY = "1,2";
			};
			name = Release;
		};
/* End XCBuildConfiguration section */

/* Begin XCConfigurationList section */
		85C905552345186F00C2EC1D /* Build configuration list for PBXProject "Artist" */ = {
			isa = XCConfigurationList;
			buildConfigurations = (
				85C9056C2345187000C2EC1D /* Debug */,
				85C9056D2345187000C2EC1D /* Release */,
			);
			defaultConfigurationIsVisible = 0;
			defaultConfigurationName = Release;
		};
		85C9056E2345187000C2EC1D /* Build configuration list for PBXNativeTarget "Artist" */ = {
			isa = XCConfigurationList;
			buildConfigurations = (
				85C9056F2345187000C2EC1D /* Debug */,
				85C905702345187000C2EC1D /* Release */,
			);
			defaultConfigurationIsVisible = 0;
			defaultConfigurationName = Release;
		};
/* End XCConfigurationList section */
	};
	rootObject = 85C905522345186F00C2EC1D /* Project object */;
}
